
Microsoft Visual Studio Solution File, Format Version 12.00
# Visual Studio Version 17
VisualStudioVersion = 17.3.32922.545
MinimumVisualStudioVersion = 10.0.40219.1
Project("{FAE04EC0-301F-11D3-BF4B-00C04F79EFBC}") = "FIghtGame", "FIghtGame.csproj", "{8AA1907E-20AF-4A06-98C1-5038575D660B}"
EndProject
Global
	GlobalSection(SolutionConfigurationPlatforms) = preSolution
		Debug|Any CPU = Debug|Any CPU
		Release|Any CPU = Release|Any CPU
	EndGlobalSection
	GlobalSection(ProjectConfigurationPlatforms) = postSolution
		{8AA1907E-20AF-4A06-98C1-5038575D660B}.Debug|Any CPU.ActiveCfg = Debug|Any CPU
		{8AA1907E-20AF-4A06-98C1-5038575D660B}.Debug|Any CPU.Build.0 = Debug|Any CPU
		{8AA1907E-20AF-4A06-98C1-5038575D660B}.Release|Any CPU.ActiveCfg = Release|Any CPU
		{8AA1907E-20AF-4A06-98C1-5038575D660B}.Release|Any CPU.Build.0 = Release|Any CPU
	EndGlobalSection
	GlobalSection(SolutionProperties) = preSolution
		HideSolutionNode = FALSE
	EndGlobalSection
	GlobalSection(ExtensibilityGlobals) = postSolution
		SolutionGuid = {21EE5FB5-874F-492A-AAA0-ED135B6B82AF}
	EndGlobalSection
EndGlobal
